
Microsoft Visual Studio Solution File, Format Version 12.00
# Visual Studio Version 17
VisualStudioVersion = 17.3.32929.385
MinimumVisualStudioVersion = 10.0.40219.1
Project("{FAE04EC0-301F-11D3-BF4B-00C04F79EFBC}") = "Task1", "Task1\Task1.csproj", "{C8B0DDE3-C9DA-4811-BE3B-F2BA9BD049E8}"
EndProject
Project("{FAE04EC0-301F-11D3-BF4B-00C04F79EFBC}") = "Task2", "Task2\Task2.csproj", "{63B4DEF3-801A-473D-8234-09683315890F}"
EndProject
Project("{FAE04EC0-301F-11D3-BF4B-00C04F79EFBC}") = "Task3", "Task3\Task3.csproj", "{4FFC7E37-9F28-4090-BD28-30D3BD1FDDC9}"
EndProject
Project("{FAE04EC0-301F-11D3-BF4B-00C04F79EFBC}") = "Task4", "Task4\Task4.csproj", "{DA38AAB3-33D1-4FFF-ADF3-2B6C5F3A6AE2}"
EndProject
Project("{FAE04EC0-301F-11D3-BF4B-00C04F79EFBC}") = "Task5", "Task5\Task5.csproj", "{FD5BB751-870A-4CEA-BF70-6DBFCFA01996}"
EndProject
Project("{FAE04EC0-301F-11D3-BF4B-00C04F79EFBC}") = "Task6", "Task6\Task6.csproj", "{6128288E-1C83-488B-BC94-0F85295268E6}"
EndProject
Project("{FAE04EC0-301F-11D3-BF4B-00C04F79EFBC}") = "Task7", "Task7\Task7.csproj", "{FA749D8F-1672-4086-8D0C-34CA2A53F50E}"
EndProject
Project("{FAE04EC0-301F-11D3-BF4B-00C04F79EFBC}") = "Task8", "Task8\Task8.csproj", "{A138FC63-9C6C-465B-B103-37B3B4966448}"
EndProject
Project("{FAE04EC0-301F-11D3-BF4B-00C04F79EFBC}") = "Task9", "Task9\Task9.csproj", "{0C424660-17FC-4E33-B99E-483B1F67737A}"
EndProject
Project("{FAE04EC0-301F-11D3-BF4B-00C04F79EFBC}") = "Task10", "Task10\Task10.csproj", "{9DAE7834-E7C2-46F2-A8BB-E287115F72BA}"
EndProject
Global
	GlobalSection(SolutionConfigurationPlatforms) = preSolution
		Debug|Any CPU = Debug|Any CPU
		Release|Any CPU = Release|Any CPU
	EndGlobalSection
	GlobalSection(ProjectConfigurationPlatforms) = postSolution
		{C8B0DDE3-C9DA-4811-BE3B-F2BA9BD049E8}.Debug|Any CPU.ActiveCfg = Debug|Any CPU
		{C8B0DDE3-C9DA-4811-BE3B-F2BA9BD049E8}.Debug|Any CPU.Build.0 = Debug|Any CPU
		{C8B0DDE3-C9DA-4811-BE3B-F2BA9BD049E8}.Release|Any CPU.ActiveCfg = Release|Any CPU
		{C8B0DDE3-C9DA-4811-BE3B-F2BA9BD049E8}.Release|Any CPU.Build.0 = Release|Any CPU
		{63B4DEF3-801A-473D-8234-09683315890F}.Debug|Any CPU.ActiveCfg = Debug|Any CPU
		{63B4DEF3-801A-473D-8234-09683315890F}.Debug|Any CPU.Build.0 = Debug|Any CPU
		{63B4DEF3-801A-473D-8234-09683315890F}.Release|Any CPU.ActiveCfg = Release|Any CPU
		{63B4DEF3-801A-473D-8234-09683315890F}.Release|Any CPU.Build.0 = Release|Any CPU
		{4FFC7E37-9F28-4090-BD28-30D3BD1FDDC9}.Debug|Any CPU.ActiveCfg = Debug|Any CPU
		{4FFC7E37-9F28-4090-BD28-30D3BD1FDDC9}.Debug|Any CPU.Build.0 = Debug|Any CPU
		{4FFC7E37-9F28-4090-BD28-30D3BD1FDDC9}.Release|Any CPU.ActiveCfg = Release|Any CPU
		{4FFC7E37-9F28-4090-BD28-30D3BD1FDDC9}.Release|Any CPU.Build.0 = Release|Any CPU
		{DA38AAB3-33D1-4FFF-ADF3-2B6C5F3A6AE2}.Debug|Any CPU.ActiveCfg = Debug|Any CPU
		{DA38AAB3-33D1-4FFF-ADF3-2B6C5F3A6AE2}.Debug|Any CPU.Build.0 = Debug|Any CPU
		{DA38AAB3-33D1-4FFF-ADF3-2B6C5F3A6AE2}.Release|Any CPU.ActiveCfg = Release|Any CPU
		{DA38AAB3-33D1-4FFF-ADF3-2B6C5F3A6AE2}.Release|Any CPU.Build.0 = Release|Any CPU
		{FD5BB751-870A-4CEA-BF70-6DBFCFA01996}.Debug|Any CPU.ActiveCfg = Debug|Any CPU
		{FD5BB751-870A-4CEA-BF70-6DBFCFA01996}.Debug|Any CPU.Build.0 = Debug|Any CPU
		{FD5BB751-870A-4CEA-BF70-6DBFCFA01996}.Release|Any CPU.ActiveCfg = Release|Any CPU
		{FD5BB751-870A-4CEA-BF70-6DBFCFA01996}.Release|Any CPU.Build.0 = Release|Any CPU
		{6128288E-1C83-488B-BC94-0F85295268E6}.Debug|Any CPU.ActiveCfg = Debug|Any CPU
		{6128288E-1C83-488B-BC94-0F85295268E6}.Debug|Any CPU.Build.0 = Debug|Any CPU
		{6128288E-1C83-488B-BC94-0F85295268E6}.Release|Any CPU.ActiveCfg = Release|Any CPU
		{6128288E-1C83-488B-BC94-0F85295268E6}.Release|Any CPU.Build.0 = Release|Any CPU
		{FA749D8F-1672-4086-8D0C-34CA2A53F50E}.Debug|Any CPU.ActiveCfg = Debug|Any CPU
		{FA749D8F-1672-4086-8D0C-34CA2A53F50E}.Debug|Any CPU.Build.0 = Debug|Any CPU
		{FA749D8F-1672-4086-8D0C-34CA2A53F50E}.Release|Any CPU.ActiveCfg = Release|Any CPU
		{FA749D8F-1672-4086-8D0C-34CA2A53F50E}.Release|Any CPU.Build.0 = Release|Any CPU
		{A138FC63-9C6C-465B-B103-37B3B4966448}.Debug|Any CPU.ActiveCfg = Debug|Any CPU
		{A138FC63-9C6C-465B-B103-37B3B4966448}.Debug|Any CPU.Build.0 = Debug|Any CPU
		{A138FC63-9C6C-465B-B103-37B3B4966448}.Release|Any CPU.ActiveCfg = Release|Any CPU
		{A138FC63-9C6C-465B-B103-37B3B4966448}.Release|Any CPU.Build.0 = Release|Any CPU
		{0C424660-17FC-4E33-B99E-483B1F67737A}.Debug|Any CPU.ActiveCfg = Debug|Any CPU
		{0C424660-17FC-4E33-B99E-483B1F67737A}.Debug|Any CPU.Build.0 = Debug|Any CPU
		{0C424660-17FC-4E33-B99E-483B1F67737A}.Release|Any CPU.ActiveCfg = Release|Any CPU
		{0C424660-17FC-4E33-B99E-483B1F67737A}.Release|Any CPU.Build.0 = Release|Any CPU
		{9DAE7834-E7C2-46F2-A8BB-E287115F72BA}.Debug|Any CPU.ActiveCfg = Debug|Any CPU
		{9DAE7834-E7C2-46F2-A8BB-E287115F72BA}.Debug|Any CPU.Build.0 = Debug|Any CPU
		{9DAE7834-E7C2-46F2-A8BB-E287115F72BA}.Release|Any CPU.ActiveCfg = Release|Any CPU
		{9DAE7834-E7C2-46F2-A8BB-E287115F72BA}.Release|Any CPU.Build.0 = Release|Any CPU
	EndGlobalSection
	GlobalSection(SolutionProperties) = preSolution
		HideSolutionNode = FALSE
	EndGlobalSection
	GlobalSection(ExtensibilityGlobals) = postSolution
		SolutionGuid = {49C42A77-AF27-4891-BDE6-DF37DF4687A8}
	EndGlobalSection
EndGlobal
